# THIS IS AN AUTOGENERATED FILE. DO NOT EDIT THIS FILE DIRECTLY.
# yarn lockfile v1


"@rollup/plugin-virtual@^3.0.1":
  version "3.0.2"
  resolved "https://registry.yarnpkg.com/@rollup/plugin-virtual/-/plugin-virtual-3.0.2.tgz#17e17eeecb4c9fa1c0a6e72c9e5f66382fddbb82"
  integrity sha512-10monEYsBp3scM4/ND4LNH5Rxvh3e/cVeL3jWTgZ2SrQ+BmUoQcopVQvnaMcOnykb1VkxUFuDAN+0FnpTFRy2A==

"@swc/core-darwin-arm64@1.3.100":
  version "1.3.100"
  resolved "https://registry.yarnpkg.com/@swc/core-darwin-arm64/-/core-darwin-arm64-1.3.100.tgz#f582c5bbc9c49506f728fc1d14dff33c2cc226d5"
  integrity sha512-XVWFsKe6ei+SsDbwmsuRkYck1SXRpO60Hioa4hoLwR8fxbA9eVp6enZtMxzVVMBi8ej5seZ4HZQeAWepbukiBw==

"@swc/core-darwin-x64@1.3.100":
  version "1.3.100"
  resolved "https://registry.yarnpkg.com/@swc/core-darwin-x64/-/core-darwin-x64-1.3.100.tgz#d84f5c0bb4603c252884d011a698ed7c634b1505"
  integrity sha512-KF/MXrnH1nakm1wbt4XV8FS7kvqD9TGmVxeJ0U4bbvxXMvzeYUurzg3AJUTXYmXDhH/VXOYJE5N5RkwZZPs5iA==

"@swc/core-linux-arm64-gnu@1.3.100":
  version "1.3.100"
  resolved "https://registry.yarnpkg.com/@swc/core-linux-arm64-gnu/-/core-linux-arm64-gnu-1.3.100.tgz#1ed4b92b373882d8f338c4e0a0aa64cdaa6106f1"
  integrity sha512-p8hikNnAEJrw5vHCtKiFT4hdlQxk1V7vqPmvUDgL/qe2menQDK/i12tbz7/3BEQ4UqUPnvwpmVn2d19RdEMNxw==

"@swc/core-linux-arm64-musl@1.3.100":
  version "1.3.100"
  resolved "https://registry.yarnpkg.com/@swc/core-linux-arm64-musl/-/core-linux-arm64-musl-1.3.100.tgz#9db560f7459e42e65ec02670d6a8316e7c850cfc"
  integrity sha512-BWx/0EeY89WC4q3AaIaBSGfQxkYxIlS3mX19dwy2FWJs/O+fMvF9oLk/CyJPOZzbp+1DjGeeoGFuDYpiNO91JA==

"@swc/core-linux-x64-gnu@1.3.100":
  version "1.3.100"
  resolved "https://registry.yarnpkg.com/@swc/core-linux-x64-gnu/-/core-linux-x64-gnu-1.3.100.tgz#228826ea48879bf1e73683fbef4373e3e762e424"
  integrity sha512-XUdGu3dxAkjsahLYnm8WijPfKebo+jHgHphDxaW0ovI6sTdmEGFDew7QzKZRlbYL2jRkUuuKuDGvD6lO5frmhA==

"@swc/core-linux-x64-musl@1.3.100":
  version "1.3.100"
  resolved "https://registry.yarnpkg.com/@swc/core-linux-x64-musl/-/core-linux-x64-musl-1.3.100.tgz#09a234dbbf625d071ecb663680e997a62d230d49"
  integrity sha512-PhoXKf+f0OaNW/GCuXjJ0/KfK9EJX7z2gko+7nVnEA0p3aaPtbP6cq1Ubbl6CMoPL+Ci3gZ7nYumDqXNc3CtLQ==

"@swc/core-win32-arm64-msvc@1.3.100":
  version "1.3.100"
  resolved "https://registry.yarnpkg.com/@swc/core-win32-arm64-msvc/-/core-win32-arm64-msvc-1.3.100.tgz#add1c82884c10a9054ed6a48f884097aa85c6d2b"
  integrity sha512-PwLADZN6F9cXn4Jw52FeP/MCLVHm8vwouZZSOoOScDtihjY495SSjdPnlosMaRSR4wJQssGwiD/4MbpgQPqbAw==

"@swc/core-win32-ia32-msvc@1.3.100":
  version "1.3.100"
  resolved "https://registry.yarnpkg.com/@swc/core-win32-ia32-msvc/-/core-win32-ia32-msvc-1.3.100.tgz#e0b6c5ae7f3250adeeb88dae83558d3f45148c56"
  integrity sha512-0f6nicKSLlDKlyPRl2JEmkpBV4aeDfRQg6n8mPqgL7bliZIcDahG0ej+HxgNjZfS3e0yjDxsNRa6sAqWU2Z60A==

"@swc/core-win32-x64-msvc@1.3.100":
  version "1.3.100"
  resolved "https://registry.yarnpkg.com/@swc/core-win32-x64-msvc/-/core-win32-x64-msvc-1.3.100.tgz#34721dff151d7dcf165675f18aeed0a12264d88c"
  integrity sha512-b7J0rPoMkRTa3XyUGt8PwCaIBuYWsL2DqbirrQKRESzgCvif5iNpqaM6kjIjI/5y5q1Ycv564CB51YDpiS8EtQ==

"@swc/core@^1.3.10":
  version "1.3.100"
  resolved "https://registry.yarnpkg.com/@swc/core/-/core-1.3.100.tgz#8fa36f26a35137620234b084224c9fa9b8a0fee2"
  integrity sha512-7dKgTyxJjlrMwFZYb1auj3Xq0D8ZBe+5oeIgfMlRU05doXZypYJe0LAk0yjj3WdbwYzpF+T1PLxwTWizI0pckw==
  dependencies:
    "@swc/counter" "^0.1.1"
    "@swc/types" "^0.1.5"
  optionalDependencies:
    "@swc/core-darwin-arm64" "1.3.100"
    "@swc/core-darwin-x64" "1.3.100"
    "@swc/core-linux-arm64-gnu" "1.3.100"
    "@swc/core-linux-arm64-musl" "1.3.100"
    "@swc/core-linux-x64-gnu" "1.3.100"
    "@swc/core-linux-x64-musl" "1.3.100"
    "@swc/core-win32-arm64-msvc" "1.3.100"
    "@swc/core-win32-ia32-msvc" "1.3.100"
    "@swc/core-win32-x64-msvc" "1.3.100"

"@swc/counter@^0.1.1":
  version "0.1.2"
  resolved "https://registry.yarnpkg.com/@swc/counter/-/counter-0.1.2.tgz#bf06d0770e47c6f1102270b744e17b934586985e"
  integrity sha512-9F4ys4C74eSTEUNndnER3VJ15oru2NumfQxS8geE+f3eB5xvfxpWyqE5XlVnxb/R14uoXi6SLbBwwiDSkv+XEw==

"@swc/types@^0.1.5":
  version "0.1.5"
  resolved "https://registry.yarnpkg.com/@swc/types/-/types-0.1.5.tgz#043b731d4f56a79b4897a3de1af35e75d56bc63a"
  integrity sha512-myfUej5naTBWnqOCc/MdVOLVjXUXtIA+NpDrDBKJtLLg2shUjBu3cZmB/85RyitKc55+lUUyl7oRfLOvkr2hsw==

uuid@^9.0.0:
  version "9.0.1"
  resolved "https://registry.yarnpkg.com/uuid/-/uuid-9.0.1.tgz#e188d4c8853cc722220392c424cd637f32293f30"
  integrity sha512-b+1eJOlsR9K8HJpow9Ok3fiWOWSIcIzXodvv0rQjVoOVNpWMpxf1wZNpt4y9h10odCNrqnYp1OBzRktckBe3sA==

vite-plugin-top-level-await@^1.3.1:
  version "1.3.1"
  resolved "https://registry.yarnpkg.com/vite-plugin-top-level-await/-/vite-plugin-top-level-await-1.3.1.tgz#7e7293be01489b508692627529c0a3b3218a23a3"
  integrity sha512-55M1h4NAwkrpxPNOJIBzKZFihqLUzIgnElLSmPNPMR2Fn9+JHKaNg3sVX1Fq+VgvuBksQYxiD3OnwQAUu7kaPQ==
  dependencies:
    "@rollup/plugin-virtual" "^3.0.1"
    "@swc/core" "^1.3.10"
    uuid "^9.0.0"
